// !$*UTF8*$!
{
	archiveVersion = 1;
	classes = {
	};
	objectVersion = 77;
	objects = {

/* Begin PBXBuildFile section */
		194476C66F4A4764934DB678 /* Pods_Phi3AssistantTests.framework in Frameworks */ = {isa = PBXBuildFile; fileRef = 52149DC7758827B0B9D14B18 /* Pods_Phi3AssistantTests.framework */; };
		7C73088FB554EA8D028EE21B /* Pods_Phi3Assistant.framework in Frameworks */ = {isa = PBXBuildFile; fileRef = A4FBF207D9183310F51208BC /* Pods_Phi3Assistant.framework */; };
		90FD33150FEBF022E894B9D1 /* Pods_Phi3Assistant_Phi3AssistantUITests.framework in Frameworks */ = {isa = PBXBuildFile; fileRef = 682369A391B0DB4A0AF3F921 /* Pods_Phi3Assistant_Phi3AssistantUITests.framework */; };
/* End PBXBuildFile section */

/* Begin PBXContainerItemProxy section */
		F0A748D32EC0C53600569465 /* PBXContainerItemProxy */ = {
			isa = PBXContainerItemProxy;
			containerPortal = F0A748BA2EC0C53400569465 /* Project object */;
			proxyType = 1;
			remoteGlobalIDString = F0A748C12EC0C53400569465;
			remoteInfo = Phi3Assistant;
		};
		F0A748DD2EC0C53600569465 /* PBXContainerItemProxy */ = {
			isa = PBXContainerItemProxy;
			containerPortal = F0A748BA2EC0C53400569465 /* Project object */;
			proxyType = 1;
			remoteGlobalIDString = F0A748C12EC0C53400569465;
			remoteInfo = Phi3Assistant;
		};
/* End PBXContainerItemProxy section */

/* Begin PBXFileReference section */
		17BA3A6FC7DC0AF31E835C6E /* Pods-Phi3Assistant.release.xcconfig */ = {isa = PBXFileReference; includeInIndex = 1; lastKnownFileType = text.xcconfig; name = "Pods-Phi3Assistant.release.xcconfig"; path = "Target Support Files/Pods-Phi3Assistant/Pods-Phi3Assistant.release.xcconfig"; sourceTree = "<group>"; };
		52149DC7758827B0B9D14B18 /* Pods_Phi3AssistantTests.framework */ = {isa = PBXFileReference; explicitFileType = wrapper.framework; includeInIndex = 0; path = Pods_Phi3AssistantTests.framework; sourceTree = BUILT_PRODUCTS_DIR; };
		682369A391B0DB4A0AF3F921 /* Pods_Phi3Assistant_Phi3AssistantUITests.framework */ = {isa = PBXFileReference; explicitFileType = wrapper.framework; includeInIndex = 0; path = Pods_Phi3Assistant_Phi3AssistantUITests.framework; sourceTree = BUILT_PRODUCTS_DIR; };
		88E947CF31A46808EA3F46DC /* Pods-Phi3Assistant-Phi3AssistantUITests.debug.xcconfig */ = {isa = PBXFileReference; includeInIndex = 1; lastKnownFileType = text.xcconfig; name = "Pods-Phi3Assistant-Phi3AssistantUITests.debug.xcconfig"; path = "Target Support Files/Pods-Phi3Assistant-Phi3AssistantUITests/Pods-Phi3Assistant-Phi3AssistantUITests.debug.xcconfig"; sourceTree = "<group>"; };
		941664EEFC816DF8B1277C6F /* Pods-Phi3Assistant-Phi3AssistantUITests.release.xcconfig */ = {isa = PBXFileReference; includeInIndex = 1; lastKnownFileType = text.xcconfig; name = "Pods-Phi3Assistant-Phi3AssistantUITests.release.xcconfig"; path = "Target Support Files/Pods-Phi3Assistant-Phi3AssistantUITests/Pods-Phi3Assistant-Phi3AssistantUITests.release.xcconfig"; sourceTree = "<group>"; };
		A1337D19BE0E3F92B09DF3F5 /* Pods-Phi3Assistant.debug.xcconfig */ = {isa = PBXFileReference; includeInIndex = 1; lastKnownFileType = text.xcconfig; name = "Pods-Phi3Assistant.debug.xcconfig"; path = "Target Support Files/Pods-Phi3Assistant/Pods-Phi3Assistant.debug.xcconfig"; sourceTree = "<group>"; };
		A4FBF207D9183310F51208BC /* Pods_Phi3Assistant.framework */ = {isa = PBXFileReference; explicitFileType = wrapper.framework; includeInIndex = 0; path = Pods_Phi3Assistant.framework; sourceTree = BUILT_PRODUCTS_DIR; };
		E61DCB0536287AE4E26CC4E3 /* Pods-Phi3AssistantTests.debug.xcconfig */ = {isa = PBXFileReference; includeInIndex = 1; lastKnownFileType = text.xcconfig; name = "Pods-Phi3AssistantTests.debug.xcconfig"; path = "Target Support Files/Pods-Phi3AssistantTests/Pods-Phi3AssistantTests.debug.xcconfig"; sourceTree = "<group>"; };
		EE9097AD9BCF1C2C0CF6F40C /* Pods-Phi3AssistantTests.release.xcconfig */ = {isa = PBXFileReference; includeInIndex = 1; lastKnownFileType = text.xcconfig; name = "Pods-Phi3AssistantTests.release.xcconfig"; path = "Target Support Files/Pods-Phi3AssistantTests/Pods-Phi3AssistantTests.release.xcconfig"; sourceTree = "<group>"; };
		F0A748C22EC0C53400569465 /* Phi3Assistant.app */ = {isa = PBXFileReference; explicitFileType = wrapper.application; includeInIndex = 0; path = Phi3Assistant.app; sourceTree = BUILT_PRODUCTS_DIR; };
		F0A748D22EC0C53600569465 /* Phi3AssistantTests.xctest */ = {isa = PBXFileReference; explicitFileType = wrapper.cfbundle; includeInIndex = 0; path = Phi3AssistantTests.xctest; sourceTree = BUILT_PRODUCTS_DIR; };
		F0A748DC2EC0C53600569465 /* Phi3AssistantUITests.xctest */ = {isa = PBXFileReference; explicitFileType = wrapper.cfbundle; includeInIndex = 0; path = Phi3AssistantUITests.xctest; sourceTree = BUILT_PRODUCTS_DIR; };
/* End PBXFileReference section */

/* Begin PBXFileSystemSynchronizedRootGroup section */
		F0A748C42EC0C53400569465 /* Phi3Assistant */ = {
			isa = PBXFileSystemSynchronizedRootGroup;
			path = Phi3Assistant;
			sourceTree = "<group>";
		};
		F0A748D52EC0C53600569465 /* Phi3AssistantTests */ = {
			isa = PBXFileSystemSynchronizedRootGroup;
			path = Phi3AssistantTests;
			sourceTree = "<group>";
		};
		F0A748DF2EC0C53600569465 /* Phi3AssistantUITests */ = {
			isa = PBXFileSystemSynchronizedRootGroup;
			path = Phi3AssistantUITests;
			sourceTree = "<group>";
		};
/* End PBXFileSystemSynchronizedRootGroup section */

/* Begin PBXFrameworksBuildPhase section */
		F0A748BF2EC0C53400569465 /* Frameworks */ = {
			isa = PBXFrameworksBuildPhase;
			buildActionMask = 2147483647;
			files = (
				7C73088FB554EA8D028EE21B /* Pods_Phi3Assistant.framework in Frameworks */,
			);
			runOnlyForDeploymentPostprocessing = 0;
		};
		F0A748CF2EC0C53600569465 /* Frameworks */ = {
			isa = PBXFrameworksBuildPhase;
			buildActionMask = 2147483647;
			files = (
				194476C66F4A4764934DB678 /* Pods_Phi3AssistantTests.framework in Frameworks */,
			);
			runOnlyForDeploymentPostprocessing = 0;
		};
		F0A748D92EC0C53600569465 /* Frameworks */ = {
			isa = PBXFrameworksBuildPhase;
			buildActionMask = 2147483647;
			files = (
				90FD33150FEBF022E894B9D1 /* Pods_Phi3Assistant_Phi3AssistantUITests.framework in Frameworks */,
			);
			runOnlyForDeploymentPostprocessing = 0;
		};
/* End PBXFrameworksBuildPhase section */

/* Begin PBXGroup section */
		17908C56609147A0D13C21DC /* Frameworks */ = {
			isa = PBXGroup;
			children = (
				A4FBF207D9183310F51208BC /* Pods_Phi3Assistant.framework */,
				682369A391B0DB4A0AF3F921 /* Pods_Phi3Assistant_Phi3AssistantUITests.framework */,
				52149DC7758827B0B9D14B18 /* Pods_Phi3AssistantTests.framework */,
			);
			name = Frameworks;
			sourceTree = "<group>";
		};
		42061C80C86DC13D0EDB989E /* Pods */ = {
			isa = PBXGroup;
			children = (
				A1337D19BE0E3F92B09DF3F5 /* Pods-Phi3Assistant.debug.xcconfig */,
				17BA3A6FC7DC0AF31E835C6E /* Pods-Phi3Assistant.release.xcconfig */,
				88E947CF31A46808EA3F46DC /* Pods-Phi3Assistant-Phi3AssistantUITests.debug.xcconfig */,
				941664EEFC816DF8B1277C6F /* Pods-Phi3Assistant-Phi3AssistantUITests.release.xcconfig */,
				E61DCB0536287AE4E26CC4E3 /* Pods-Phi3AssistantTests.debug.xcconfig */,
				EE9097AD9BCF1C2C0CF6F40C /* Pods-Phi3AssistantTests.release.xcconfig */,
			);
			path = Pods;
			sourceTree = "<group>";
		};
		F0A748B92EC0C53400569465 = {
			isa = PBXGroup;
			children = (
				F0A748C42EC0C53400569465 /* Phi3Assistant */,
				F0A748D52EC0C53600569465 /* Phi3AssistantTests */,
				F0A748DF2EC0C53600569465 /* Phi3AssistantUITests */,
				F0A748C32EC0C53400569465 /* Products */,
				42061C80C86DC13D0EDB989E /* Pods */,
				17908C56609147A0D13C21DC /* Frameworks */,
			);
			sourceTree = "<group>";
		};
		F0A748C32EC0C53400569465 /* Products */ = {
			isa = PBXGroup;
			children = (
				F0A748C22EC0C53400569465 /* Phi3Assistant.app */,
				F0A748D22EC0C53600569465 /* Phi3AssistantTests.xctest */,
				F0A748DC2EC0C53600569465 /* Phi3AssistantUITests.xctest */,
			);
			name = Products;
			sourceTree = "<group>";
		};
/* End PBXGroup section */

/* Begin PBXNativeTarget section */
		F0A748C12EC0C53400569465 /* Phi3Assistant */ = {
			isa = PBXNativeTarget;
			buildConfigurationList = F0A748E62EC0C53600569465 /* Build configuration list for PBXNativeTarget "Phi3Assistant" */;
			buildPhases = (
				9943CD4E436A081E78C83DB8 /* [CP] Check Pods Manifest.lock */,
				F0A748BE2EC0C53400569465 /* Sources */,
				F0A748BF2EC0C53400569465 /* Frameworks */,
				F0A748C02EC0C53400569465 /* Resources */,
				F0COPYMODELS000000000001 /* Copy ONNX Models */,
			);
			buildRules = (
			);
			dependencies = (
			);
			fileSystemSynchronizedGroups = (
				F0A748C42EC0C53400569465 /* Phi3Assistant */,
			);
			name = Phi3Assistant;
			productName = Phi3Assistant;
			productReference = F0A748C22EC0C53400569465 /* Phi3Assistant.app */;
			productType = "com.apple.product-type.application";
		};
		F0A748D12EC0C53600569465 /* Phi3AssistantTests */ = {
			isa = PBXNativeTarget;
			buildConfigurationList = F0A748E92EC0C53600569465 /* Build configuration list for PBXNativeTarget "Phi3AssistantTests" */;
			buildPhases = (
				8DB87E3BE314F08EC06D0186 /* [CP] Check Pods Manifest.lock */,
				F0A748CE2EC0C53600569465 /* Sources */,
				F0A748CF2EC0C53600569465 /* Frameworks */,
				F0A748D02EC0C53600569465 /* Resources */,
			);
			buildRules = (
			);
			dependencies = (
				F0A748D42EC0C53600569465 /* PBXTargetDependency */,
			);
			fileSystemSynchronizedGroups = (
				F0A748D52EC0C53600569465 /* Phi3AssistantTests */,
			);
			name = Phi3AssistantTests;
			productName = Phi3AssistantTests;
			productReference = F0A748D22EC0C53600569465 /* Phi3AssistantTests.xctest */;
			productType = "com.apple.product-type.bundle.unit-test";
		};
		F0A748DB2EC0C53600569465 /* Phi3AssistantUITests */ = {
			isa = PBXNativeTarget;
			buildConfigurationList = F0A748EC2EC0C53600569465 /* Build configuration list for PBXNativeTarget "Phi3AssistantUITests" */;
			buildPhases = (
				D5801A5E5F3296A879388F4C /* [CP] Check Pods Manifest.lock */,
				F0A748D82EC0C53600569465 /* Sources */,
				F0A748D92EC0C53600569465 /* Frameworks */,
				F0A748DA2EC0C53600569465 /* Resources */,
			);
			buildRules = (
			);
			dependencies = (
				F0A748DE2EC0C53600569465 /* PBXTargetDependency */,
			);
			fileSystemSynchronizedGroups = (
				F0A748DF2EC0C53600569465 /* Phi3AssistantUITests */,
			);
			name = Phi3AssistantUITests;
			productName = Phi3AssistantUITests;
			productReference = F0A748DC2EC0C53600569465 /* Phi3AssistantUITests.xctest */;
			productType = "com.apple.product-type.bundle.ui-testing";
		};
/* End PBXNativeTarget section */

/* Begin PBXProject section */
		F0A748BA2EC0C53400569465 /* Project object */ = {
			isa = PBXProject;
			attributes = {
				BuildIndependentTargetsInParallel = 1;
				LastSwiftUpdateCheck = 1640;
				LastUpgradeCheck = 1640;
				TargetAttributes = {
					F0A748C12EC0C53400569465 = {
						CreatedOnToolsVersion = 16.4;
					};
					F0A748D12EC0C53600569465 = {
						CreatedOnToolsVersion = 16.4;
						TestTargetID = F0A748C12EC0C53400569465;
					};
					F0A748DB2EC0C53600569465 = {
						CreatedOnToolsVersion = 16.4;
						TestTargetID = F0A748C12EC0C53400569465;
					};
				};
			};
			buildConfigurationList = F0A748BD2EC0C53400569465 /* Build configuration list for PBXProject "Phi3Assistant" */;
			developmentRegion = en;
			hasScannedForEncodings = 0;
			knownRegions = (
				en,
				Base,
			);
			mainGroup = F0A748B92EC0C53400569465;
			minimizedProjectReferenceProxies = 1;
			preferredProjectObjectVersion = 77;
			productRefGroup = F0A748C32EC0C53400569465 /* Products */;
			projectDirPath = "";
			projectRoot = "";
			targets = (
				F0A748C12EC0C53400569465 /* Phi3Assistant */,
				F0A748D12EC0C53600569465 /* Phi3AssistantTests */,
				F0A748DB2EC0C53600569465 /* Phi3AssistantUITests */,
			);
		};
/* End PBXProject section */

/* Begin PBXResourcesBuildPhase section */
		F0A748C02EC0C53400569465 /* Resources */ = {
			isa = PBXResourcesBuildPhase;
			buildActionMask = 2147483647;
			files = (
			);
			runOnlyForDeploymentPostprocessing = 0;
		};
		F0A748D02EC0C53600569465 /* Resources */ = {
			isa = PBXResourcesBuildPhase;
			buildActionMask = 2147483647;
			files = (
			);
			runOnlyForDeploymentPostprocessing = 0;
		};
		F0A748DA2EC0C53600569465 /* Resources */ = {
			isa = PBXResourcesBuildPhase;
			buildActionMask = 2147483647;
			files = (
			);
			runOnlyForDeploymentPostprocessing = 0;
		};
/* End PBXResourcesBuildPhase section */

/* Begin PBXShellScriptBuildPhase section */
		8DB87E3BE314F08EC06D0186 /* [CP] Check Pods Manifest.lock */ = {
			isa = PBXShellScriptBuildPhase;
			buildActionMask = 2147483647;
			files = (
			);
			inputFileListPaths = (
			);
			inputPaths = (
				"${PODS_PODFILE_DIR_PATH}/Podfile.lock",
				"${PODS_ROOT}/Manifest.lock",
			);
			name = "[CP] Check Pods Manifest.lock";
			outputFileListPaths = (
			);
			outputPaths = (
				"$(DERIVED_FILE_DIR)/Pods-Phi3AssistantTests-checkManifestLockResult.txt",
			);
			runOnlyForDeploymentPostprocessing = 0;
			shellPath = /bin/sh;
			shellScript = "diff \"${PODS_PODFILE_DIR_PATH}/Podfile.lock\" \"${PODS_ROOT}/Manifest.lock\" > /dev/null\nif [ $? != 0 ] ; then\n    # print error to STDERR\n    echo \"error: The sandbox is not in sync with the Podfile.lock. Run 'pod install' or update your CocoaPods installation.\" >&2\n    exit 1\nfi\n# This output is used by Xcode 'outputs' to avoid re-running this script phase.\necho \"SUCCESS\" > \"${SCRIPT_OUTPUT_FILE_0}\"\n";
			showEnvVarsInLog = 0;
		};
		9943CD4E436A081E78C83DB8 /* [CP] Check Pods Manifest.lock */ = {
			isa = PBXShellScriptBuildPhase;
			buildActionMask = 2147483647;
			files = (
			);
			inputFileListPaths = (
			);
			inputPaths = (
				"${PODS_PODFILE_DIR_PATH}/Podfile.lock",
				"${PODS_ROOT}/Manifest.lock",
			);
			name = "[CP] Check Pods Manifest.lock";
			outputFileListPaths = (
			);
			outputPaths = (
				"$(DERIVED_FILE_DIR)/Pods-Phi3Assistant-checkManifestLockResult.txt",
			);
			runOnlyForDeploymentPostprocessing = 0;
			shellPath = /bin/sh;
			shellScript = "diff \"${PODS_PODFILE_DIR_PATH}/Podfile.lock\" \"${PODS_ROOT}/Manifest.lock\" > /dev/null\nif [ $? != 0 ] ; then\n    # print error to STDERR\n    echo \"error: The sandbox is not in sync with the Podfile.lock. Run 'pod install' or update your CocoaPods installation.\" >&2\n    exit 1\nfi\n# This output is used by Xcode 'outputs' to avoid re-running this script phase.\necho \"SUCCESS\" > \"${SCRIPT_OUTPUT_FILE_0}\"\n";
			showEnvVarsInLog = 0;
		};
		D5801A5E5F3296A879388F4C /* [CP] Check Pods Manifest.lock */ = {
			isa = PBXShellScriptBuildPhase;
			buildActionMask = 2147483647;
			files = (
			);
			inputFileListPaths = (
			);
			inputPaths = (
				"${PODS_PODFILE_DIR_PATH}/Podfile.lock",
				"${PODS_ROOT}/Manifest.lock",
			);
			name = "[CP] Check Pods Manifest.lock";
			outputFileListPaths = (
			);
			outputPaths = (
				"$(DERIVED_FILE_DIR)/Pods-Phi3Assistant-Phi3AssistantUITests-checkManifestLockResult.txt",
			);
			runOnlyForDeploymentPostprocessing = 0;
			shellPath = /bin/sh;
			shellScript = "diff \"${PODS_PODFILE_DIR_PATH}/Podfile.lock\" \"${PODS_ROOT}/Manifest.lock\" > /dev/null\nif [ $? != 0 ] ; then\n    # print error to STDERR\n    echo \"error: The sandbox is not in sync with the Podfile.lock. Run 'pod install' or update your CocoaPods installation.\" >&2\n    exit 1\nfi\n# This output is used by Xcode 'outputs' to avoid re-running this script phase.\necho \"SUCCESS\" > \"${SCRIPT_OUTPUT_FILE_0}\"\n";
			showEnvVarsInLog = 0;
		};
		F0COPYMODELS000000000001 /* Copy ONNX Models */ = {
			isa = PBXShellScriptBuildPhase;
			buildActionMask = 2147483647;
			files = (
			);
			inputPaths = (
			);
			name = "Copy ONNX Models";
			outputPaths = (
			);
			runOnlyForDeploymentPostprocessing = 0;
			shellPath = /bin/sh;
			shellScript = "# Copy ONNX model files to app bundle\necho \"Copying ONNX model files...\"\n\nMODELS_DIR=\"${SRCROOT}/Phi3Assistant\"\nDEST_DIR=\"${BUILT_PRODUCTS_DIR}/${PRODUCT_NAME}.app\"\n\nif [ -f \"${MODELS_DIR}/Phi-3-mini-4k-instruct-q4.onnx\" ]; then\n    cp \"${MODELS_DIR}/Phi-3-mini-4k-instruct-q4.onnx\" \"${DEST_DIR}/\"\n    echo \"✅ Copied Phi-3-mini-4k-instruct-q4.onnx\"\nelse\n    echo \"❌ Model file not found: ${MODELS_DIR}/Phi-3-mini-4k-instruct-q4.onnx\"\nfi\n\nif [ -f \"${MODELS_DIR}/Phi-3-mini-4k-instruct-q4.onnx.data\" ]; then\n    cp \"${MODELS_DIR}/Phi-3-mini-4k-instruct-q4.onnx.data\" \"${DEST_DIR}/\"\n    echo \"✅ Copied Phi-3-mini-4k-instruct-q4.onnx.data\"\nelse\n    echo \"❌ Model data file not found: ${MODELS_DIR}/Phi-3-mini-4k-instruct-q4.onnx.data\"\nfi\n\necho \"Model copy complete!\"\n";
		};
/* End PBXShellScriptBuildPhase section */

/* Begin PBXSourcesBuildPhase section */
		F0A748BE2EC0C53400569465 /* Sources */ = {
			isa = PBXSourcesBuildPhase;
			buildActionMask = 2147483647;
			files = (
			);
			runOnlyForDeploymentPostprocessing = 0;
		};
		F0A748CE2EC0C53600569465 /* Sources */ = {
			isa = PBXSourcesBuildPhase;
			buildActionMask = 2147483647;
			files = (
			);
			runOnlyForDeploymentPostprocessing = 0;
		};
		F0A748D82EC0C53600569465 /* Sources */ = {
			isa = PBXSourcesBuildPhase;
			buildActionMask = 2147483647;
			files = (
			);
			runOnlyForDeploymentPostprocessing = 0;
		};
/* End PBXSourcesBuildPhase section */

/* Begin PBXTargetDependency section */
		F0A748D42EC0C53600569465 /* PBXTargetDependency */ = {
			isa = PBXTargetDependency;
			target = F0A748C12EC0C53400569465 /* Phi3Assistant */;
			targetProxy = F0A748D32EC0C53600569465 /* PBXContainerItemProxy */;
		};
		F0A748DE2EC0C53600569465 /* PBXTargetDependency */ = {
			isa = PBXTargetDependency;
			target = F0A748C12EC0C53400569465 /* Phi3Assistant */;
			targetProxy = F0A748DD2EC0C53600569465 /* PBXContainerItemProxy */;
		};
/* End PBXTargetDependency section */

/* Begin XCBuildConfiguration section */
		F0A748E42EC0C53600569465 /* Debug */ = {
			isa = XCBuildConfiguration;
			buildSettings = {
				ALWAYS_SEARCH_USER_PATHS = NO;
				ASSETCATALOG_COMPILER_GENERATE_SWIFT_ASSET_SYMBOL_EXTENSIONS = YES;
				CLANG_ANALYZER_NONNULL = YES;
				CLANG_ANALYZER_NUMBER_OBJECT_CONVERSION = YES_AGGRESSIVE;
				CLANG_CXX_LANGUAGE_STANDARD = "gnu++20";
				CLANG_ENABLE_MODULES = YES;
				CLANG_ENABLE_OBJC_ARC = YES;
				CLANG_ENABLE_OBJC_WEAK = YES;
				CLANG_WARN_BLOCK_CAPTURE_AUTORELEASING = YES;
				CLANG_WARN_BOOL_CONVERSION = YES;
				CLANG_WARN_COMMA = YES;
				CLANG_WARN_CONSTANT_CONVERSION = YES;
				CLANG_WARN_DEPRECATED_OBJC_IMPLEMENTATIONS = YES;
				CLANG_WARN_DIRECT_OBJC_ISA_USAGE = YES_ERROR;
				CLANG_WARN_DOCUMENTATION_COMMENTS = YES;
				CLANG_WARN_EMPTY_BODY = YES;
				CLANG_WARN_ENUM_CONVERSION = YES;
				CLANG_WARN_INFINITE_RECURSION = YES;
				CLANG_WARN_INT_CONVERSION = YES;
				CLANG_WARN_NON_LITERAL_NULL_CONVERSION = YES;
				CLANG_WARN_OBJC_IMPLICIT_RETAIN_SELF = YES;
				CLANG_WARN_OBJC_LITERAL_CONVERSION = YES;
				CLANG_WARN_OBJC_ROOT_CLASS = YES_ERROR;
				CLANG_WARN_QUOTED_INCLUDE_IN_FRAMEWORK_HEADER = YES;
				CLANG_WARN_RANGE_LOOP_ANALYSIS = YES;
				CLANG_WARN_STRICT_PROTOTYPES = YES;
				CLANG_WARN_SUSPICIOUS_MOVE = YES;
				CLANG_WARN_UNGUARDED_AVAILABILITY = YES_AGGRESSIVE;
				CLANG_WARN_UNREACHABLE_CODE = YES;
				CLANG_WARN__DUPLICATE_METHOD_MATCH = YES;
				COPY_PHASE_STRIP = NO;
				DEBUG_INFORMATION_FORMAT = dwarf;
				DEVELOPMENT_TEAM = ZB9B32QXTN;
				ENABLE_STRICT_OBJC_MSGSEND = YES;
				ENABLE_TESTABILITY = YES;
				ENABLE_USER_SCRIPT_SANDBOXING = YES;
				GCC_C_LANGUAGE_STANDARD = gnu17;
				GCC_DYNAMIC_NO_PIC = NO;
				GCC_NO_COMMON_BLOCKS = YES;
				GCC_OPTIMIZATION_LEVEL = 0;
				GCC_PREPROCESSOR_DEFINITIONS = (
					"DEBUG=1",
					"$(inherited)",
				);
				GCC_WARN_64_TO_32_BIT_CONVERSION = YES;
				GCC_WARN_ABOUT_RETURN_TYPE = YES_ERROR;
				GCC_WARN_UNDECLARED_SELECTOR = YES;
				GCC_WARN_UNINITIALIZED_AUTOS = YES_AGGRESSIVE;
				GCC_WARN_UNUSED_FUNCTION = YES;
				GCC_WARN_UNUSED_VARIABLE = YES;
				LOCALIZATION_PREFERS_STRING_CATALOGS = YES;
				MTL_ENABLE_DEBUG_INFO = INCLUDE_SOURCE;
				MTL_FAST_MATH = YES;
				ONLY_ACTIVE_ARCH = YES;
				SWIFT_ACTIVE_COMPILATION_CONDITIONS = "DEBUG $(inherited)";
				SWIFT_OPTIMIZATION_LEVEL = "-Onone";
			};
			name = Debug;
		};
		F0A748E52EC0C53600569465 /* Release */ = {
			isa = XCBuildConfiguration;
			buildSettings = {
				ALWAYS_SEARCH_USER_PATHS = NO;
				ASSETCATALOG_COMPILER_GENERATE_SWIFT_ASSET_SYMBOL_EXTENSIONS = YES;
				CLANG_ANALYZER_NONNULL = YES;
				CLANG_ANALYZER_NUMBER_OBJECT_CONVERSION = YES_AGGRESSIVE;
				CLANG_CXX_LANGUAGE_STANDARD = "gnu++20";
				CLANG_ENABLE_MODULES = YES;
				CLANG_ENABLE_OBJC_ARC = YES;
				CLANG_ENABLE_OBJC_WEAK = YES;
				CLANG_WARN_BLOCK_CAPTURE_AUTORELEASING = YES;
				CLANG_WARN_BOOL_CONVERSION = YES;
				CLANG_WARN_COMMA = YES;
				CLANG_WARN_CONSTANT_CONVERSION = YES;
				CLANG_WARN_DEPRECATED_OBJC_IMPLEMENTATIONS = YES;
				CLANG_WARN_DIRECT_OBJC_ISA_USAGE = YES_ERROR;
				CLANG_WARN_DOCUMENTATION_COMMENTS = YES;
				CLANG_WARN_EMPTY_BODY = YES;
				CLANG_WARN_ENUM_CONVERSION = YES;
				CLANG_WARN_INFINITE_RECURSION = YES;
				CLANG_WARN_INT_CONVERSION = YES;
				CLANG_WARN_NON_LITERAL_NULL_CONVERSION = YES;
				CLANG_WARN_OBJC_IMPLICIT_RETAIN_SELF = YES;
				CLANG_WARN_OBJC_LITERAL_CONVERSION = YES;
				CLANG_WARN_OBJC_ROOT_CLASS = YES_ERROR;
				CLANG_WARN_QUOTED_INCLUDE_IN_FRAMEWORK_HEADER = YES;
				CLANG_WARN_RANGE_LOOP_ANALYSIS = YES;
				CLANG_WARN_STRICT_PROTOTYPES = YES;
				CLANG_WARN_SUSPICIOUS_MOVE = YES;
				CLANG_WARN_UNGUARDED_AVAILABILITY = YES_AGGRESSIVE;
				CLANG_WARN_UNREACHABLE_CODE = YES;
				CLANG_WARN__DUPLICATE_METHOD_MATCH = YES;
				COPY_PHASE_STRIP = NO;
				DEBUG_INFORMATION_FORMAT = "dwarf-with-dsym";
				DEVELOPMENT_TEAM = ZB9B32QXTN;
				ENABLE_NS_ASSERTIONS = NO;
				ENABLE_STRICT_OBJC_MSGSEND = YES;
				ENABLE_USER_SCRIPT_SANDBOXING = YES;
				GCC_C_LANGUAGE_STANDARD = gnu17;
				GCC_NO_COMMON_BLOCKS = YES;
				GCC_WARN_64_TO_32_BIT_CONVERSION = YES;
				GCC_WARN_ABOUT_RETURN_TYPE = YES_ERROR;
				GCC_WARN_UNDECLARED_SELECTOR = YES;
				GCC_WARN_UNINITIALIZED_AUTOS = YES_AGGRESSIVE;
				GCC_WARN_UNUSED_FUNCTION = YES;
				GCC_WARN_UNUSED_VARIABLE = YES;
				LOCALIZATION_PREFERS_STRING_CATALOGS = YES;
				MTL_ENABLE_DEBUG_INFO = NO;
				MTL_FAST_MATH = YES;
				SWIFT_COMPILATION_MODE = wholemodule;
			};
			name = Release;
		};
		F0A748E72EC0C53600569465 /* Debug */ = {
			isa = XCBuildConfiguration;
			baseConfigurationReference = A1337D19BE0E3F92B09DF3F5 /* Pods-Phi3Assistant.debug.xcconfig */;
			buildSettings = {
				ASSETCATALOG_COMPILER_APPICON_NAME = AppIcon;
				ASSETCATALOG_COMPILER_GLOBAL_ACCENT_COLOR_NAME = AccentColor;
				CODE_SIGN_ENTITLEMENTS = Phi3Assistant/Phi3Assistant.entitlements;
				CODE_SIGN_IDENTITY = "-";
				"CODE_SIGN_IDENTITY[sdk=iphonesimulator*]" = "-";
				CODE_SIGN_STYLE = Automatic;
				CURRENT_PROJECT_VERSION = 1;
				DEVELOPMENT_TEAM = "";
				ENABLE_HARDENED_RUNTIME = YES;
				ENABLE_PREVIEWS = YES;
				GENERATE_INFOPLIST_FILE = YES;
				"INFOPLIST_KEY_UIApplicationSceneManifest_Generation[sdk=iphoneos*]" = YES;
				"INFOPLIST_KEY_UIApplicationSceneManifest_Generation[sdk=iphonesimulator*]" = YES;
				"INFOPLIST_KEY_UIApplicationSupportsIndirectInputEvents[sdk=iphoneos*]" = YES;
				"INFOPLIST_KEY_UIApplicationSupportsIndirectInputEvents[sdk=iphonesimulator*]" = YES;
				"INFOPLIST_KEY_UILaunchScreen_Generation[sdk=iphoneos*]" = YES;
				"INFOPLIST_KEY_UILaunchScreen_Generation[sdk=iphonesimulator*]" = YES;
				"INFOPLIST_KEY_UIStatusBarStyle[sdk=iphoneos*]" = UIStatusBarStyleDefault;
				"INFOPLIST_KEY_UIStatusBarStyle[sdk=iphonesimulator*]" = UIStatusBarStyleDefault;
				INFOPLIST_KEY_UISupportedInterfaceOrientations_iPad = "UIInterfaceOrientationPortrait UIInterfaceOrientationPortraitUpsideDown UIInterfaceOrientationLandscapeLeft UIInterfaceOrientationLandscapeRight";
				INFOPLIST_KEY_UISupportedInterfaceOrientations_iPhone = "UIInterfaceOrientationPortrait UIInterfaceOrientationLandscapeLeft UIInterfaceOrientationLandscapeRight";
				IPHONEOS_DEPLOYMENT_TARGET = 18.5;
				LD_RUNPATH_SEARCH_PATHS = "@executable_path/Frameworks";
				"LD_RUNPATH_SEARCH_PATHS[sdk=macosx*]" = "@executable_path/../Frameworks";
				MACOSX_DEPLOYMENT_TARGET = 14.0;
				MARKETING_VERSION = 1.0;
				PRODUCT_BUNDLE_IDENTIFIER = com.guybon.Phi3Assistant;
				PRODUCT_NAME = "$(TARGET_NAME)";
				PROVISIONING_PROFILE_SPECIFIER = "";
				REGISTER_APP_GROUPS = YES;
				SDKROOT = auto;
				SUPPORTED_PLATFORMS = "iphoneos iphonesimulator macosx xros xrsimulator";
				SWIFT_EMIT_LOC_STRINGS = YES;
				SWIFT_VERSION = 5.0;
				TARGETED_DEVICE_FAMILY = "1,2,7";
				XROS_DEPLOYMENT_TARGET = 2.5;
			};
			name = Debug;
		};
		F0A748E82EC0C53600569465 /* Release */ = {
			isa = XCBuildConfiguration;
			baseConfigurationReference = 17BA3A6FC7DC0AF31E835C6E /* Pods-Phi3Assistant.release.xcconfig */;
			buildSettings = {
				ASSETCATALOG_COMPILER_APPICON_NAME = AppIcon;
				ASSETCATALOG_COMPILER_GLOBAL_ACCENT_COLOR_NAME = AccentColor;
				CODE_SIGN_ENTITLEMENTS = Phi3Assistant/Phi3Assistant.entitlements;
				CODE_SIGN_IDENTITY = "-";
				"CODE_SIGN_IDENTITY[sdk=iphonesimulator*]" = "-";
				CODE_SIGN_STYLE = Automatic;
				CURRENT_PROJECT_VERSION = 1;
				DEVELOPMENT_TEAM = "";
				ENABLE_HARDENED_RUNTIME = YES;
				ENABLE_PREVIEWS = YES;
				GENERATE_INFOPLIST_FILE = YES;
				"INFOPLIST_KEY_UIApplicationSceneManifest_Generation[sdk=iphoneos*]" = YES;
				"INFOPLIST_KEY_UIApplicationSceneManifest_Generation[sdk=iphonesimulator*]" = YES;
				"INFOPLIST_KEY_UIApplicationSupportsIndirectInputEvents[sdk=iphoneos*]" = YES;
				"INFOPLIST_KEY_UIApplicationSupportsIndirectInputEvents[sdk=iphonesimulator*]" = YES;
				"INFOPLIST_KEY_UILaunchScreen_Generation[sdk=iphoneos*]" = YES;
				"INFOPLIST_KEY_UILaunchScreen_Generation[sdk=iphonesimulator*]" = YES;
				"INFOPLIST_KEY_UIStatusBarStyle[sdk=iphoneos*]" = UIStatusBarStyleDefault;
				"INFOPLIST_KEY_UIStatusBarStyle[sdk=iphonesimulator*]" = UIStatusBarStyleDefault;
				INFOPLIST_KEY_UISupportedInterfaceOrientations_iPad = "UIInterfaceOrientationPortrait UIInterfaceOrientationPortraitUpsideDown UIInterfaceOrientationLandscapeLeft UIInterfaceOrientationLandscapeRight";
				INFOPLIST_KEY_UISupportedInterfaceOrientations_iPhone = "UIInterfaceOrientationPortrait UIInterfaceOrientationLandscapeLeft UIInterfaceOrientationLandscapeRight";
				IPHONEOS_DEPLOYMENT_TARGET = 18.5;
				LD_RUNPATH_SEARCH_PATHS = "@executable_path/Frameworks";
				"LD_RUNPATH_SEARCH_PATHS[sdk=macosx*]" = "@executable_path/../Frameworks";
				MACOSX_DEPLOYMENT_TARGET = 14.0;
				MARKETING_VERSION = 1.0;
				PRODUCT_BUNDLE_IDENTIFIER = com.guybon.Phi3Assistant;
				PRODUCT_NAME = "$(TARGET_NAME)";
				PROVISIONING_PROFILE_SPECIFIER = "";
				REGISTER_APP_GROUPS = YES;
				SDKROOT = auto;
				SUPPORTED_PLATFORMS = "iphoneos iphonesimulator macosx xros xrsimulator";
				SWIFT_EMIT_LOC_STRINGS = YES;
				SWIFT_VERSION = 5.0;
				TARGETED_DEVICE_FAMILY = "1,2,7";
				XROS_DEPLOYMENT_TARGET = 2.5;
			};
			name = Release;
		};
		F0A748EA2EC0C53600569465 /* Debug */ = {
			isa = XCBuildConfiguration;
			baseConfigurationReference = E61DCB0536287AE4E26CC4E3 /* Pods-Phi3AssistantTests.debug.xcconfig */;
			buildSettings = {
				BUNDLE_LOADER = "$(TEST_HOST)";
				CODE_SIGN_STYLE = Automatic;
				CURRENT_PROJECT_VERSION = 1;
				DEVELOPMENT_TEAM = ZB9B32QXTN;
				GENERATE_INFOPLIST_FILE = YES;
				IPHONEOS_DEPLOYMENT_TARGET = 18.5;
				MACOSX_DEPLOYMENT_TARGET = 15.5;
				MARKETING_VERSION = 1.0;
				PRODUCT_BUNDLE_IDENTIFIER = com.guybon.Phi3AssistantTests;
				PRODUCT_NAME = "$(TARGET_NAME)";
				SDKROOT = auto;
				SUPPORTED_PLATFORMS = "iphoneos iphonesimulator macosx xros xrsimulator";
				SWIFT_EMIT_LOC_STRINGS = NO;
				SWIFT_VERSION = 5.0;
				TARGETED_DEVICE_FAMILY = "1,2,7";
				TEST_HOST = "$(BUILT_PRODUCTS_DIR)/Phi3Assistant.app/$(BUNDLE_EXECUTABLE_FOLDER_PATH)/Phi3Assistant";
				XROS_DEPLOYMENT_TARGET = 2.5;
			};
			name = Debug;
		};
		F0A748EB2EC0C53600569465 /* Release */ = {
			isa = XCBuildConfiguration;
			baseConfigurationReference = EE9097AD9BCF1C2C0CF6F40C /* Pods-Phi3AssistantTests.release.xcconfig */;
			buildSettings = {
				BUNDLE_LOADER = "$(TEST_HOST)";
				CODE_SIGN_STYLE = Automatic;
				CURRENT_PROJECT_VERSION = 1;
				DEVELOPMENT_TEAM = ZB9B32QXTN;
				GENERATE_INFOPLIST_FILE = YES;
				IPHONEOS_DEPLOYMENT_TARGET = 18.5;
				MACOSX_DEPLOYMENT_TARGET = 15.5;
				MARKETING_VERSION = 1.0;
				PRODUCT_BUNDLE_IDENTIFIER = com.guybon.Phi3AssistantTests;
				PRODUCT_NAME = "$(TARGET_NAME)";
				SDKROOT = auto;
				SUPPORTED_PLATFORMS = "iphoneos iphonesimulator macosx xros xrsimulator";
				SWIFT_EMIT_LOC_STRINGS = NO;
				SWIFT_VERSION = 5.0;
				TARGETED_DEVICE_FAMILY = "1,2,7";
				TEST_HOST = "$(BUILT_PRODUCTS_DIR)/Phi3Assistant.app/$(BUNDLE_EXECUTABLE_FOLDER_PATH)/Phi3Assistant";
				XROS_DEPLOYMENT_TARGET = 2.5;
			};
			name = Release;
		};
		F0A748ED2EC0C53600569465 /* Debug */ = {
			isa = XCBuildConfiguration;
			baseConfigurationReference = 88E947CF31A46808EA3F46DC /* Pods-Phi3Assistant-Phi3AssistantUITests.debug.xcconfig */;
			buildSettings = {
				CODE_SIGN_STYLE = Automatic;
				CURRENT_PROJECT_VERSION = 1;
				DEVELOPMENT_TEAM = ZB9B32QXTN;
				GENERATE_INFOPLIST_FILE = YES;
				IPHONEOS_DEPLOYMENT_TARGET = 18.5;
				MACOSX_DEPLOYMENT_TARGET = 15.5;
				MARKETING_VERSION = 1.0;
				PRODUCT_BUNDLE_IDENTIFIER = com.guybon.Phi3AssistantUITests;
				PRODUCT_NAME = "$(TARGET_NAME)";
				SDKROOT = auto;
				SUPPORTED_PLATFORMS = "iphoneos iphonesimulator macosx xros xrsimulator";
				SWIFT_EMIT_LOC_STRINGS = NO;
				SWIFT_VERSION = 5.0;
				TARGETED_DEVICE_FAMILY = "1,2,7";
				TEST_TARGET_NAME = Phi3Assistant;
				XROS_DEPLOYMENT_TARGET = 2.5;
			};
			name = Debug;
		};
		F0A748EE2EC0C53600569465 /* Release */ = {
			isa = XCBuildConfiguration;
			baseConfigurationReference = 941664EEFC816DF8B1277C6F /* Pods-Phi3Assistant-Phi3AssistantUITests.release.xcconfig */;
			buildSettings = {
				CODE_SIGN_STYLE = Automatic;
				CURRENT_PROJECT_VERSION = 1;
				DEVELOPMENT_TEAM = ZB9B32QXTN;
				GENERATE_INFOPLIST_FILE = YES;
				IPHONEOS_DEPLOYMENT_TARGET = 18.5;
				MACOSX_DEPLOYMENT_TARGET = 15.5;
				MARKETING_VERSION = 1.0;
				PRODUCT_BUNDLE_IDENTIFIER = com.guybon.Phi3AssistantUITests;
				PRODUCT_NAME = "$(TARGET_NAME)";
				SDKROOT = auto;
				SUPPORTED_PLATFORMS = "iphoneos iphonesimulator macosx xros xrsimulator";
				SWIFT_EMIT_LOC_STRINGS = NO;
				SWIFT_VERSION = 5.0;
				TARGETED_DEVICE_FAMILY = "1,2,7";
				TEST_TARGET_NAME = Phi3Assistant;
				XROS_DEPLOYMENT_TARGET = 2.5;
			};
			name = Release;
		};
/* End XCBuildConfiguration section */

/* Begin XCConfigurationList section */
		F0A748BD2EC0C53400569465 /* Build configuration list for PBXProject "Phi3Assistant" */ = {
			isa = XCConfigurationList;
			buildConfigurations = (
				F0A748E42EC0C53600569465 /* Debug */,
				F0A748E52EC0C53600569465 /* Release */,
			);
			defaultConfigurationIsVisible = 0;
			defaultConfigurationName = Release;
		};
		F0A748E62EC0C53600569465 /* Build configuration list for PBXNativeTarget "Phi3Assistant" */ = {
			isa = XCConfigurationList;
			buildConfigurations = (
				F0A748E72EC0C53600569465 /* Debug */,
				F0A748E82EC0C53600569465 /* Release */,
			);
			defaultConfigurationIsVisible = 0;
			defaultConfigurationName = Release;
		};
		F0A748E92EC0C53600569465 /* Build configuration list for PBXNativeTarget "Phi3AssistantTests" */ = {
			isa = XCConfigurationList;
			buildConfigurations = (
				F0A748EA2EC0C53600569465 /* Debug */,
				F0A748EB2EC0C53600569465 /* Release */,
			);
			defaultConfigurationIsVisible = 0;
			defaultConfigurationName = Release;
		};
		F0A748EC2EC0C53600569465 /* Build configuration list for PBXNativeTarget "Phi3AssistantUITests" */ = {
			isa = XCConfigurationList;
			buildConfigurations = (
				F0A748ED2EC0C53600569465 /* Debug */,
				F0A748EE2EC0C53600569465 /* Release */,
			);
			defaultConfigurationIsVisible = 0;
			defaultConfigurationName = Release;
		};
/* End XCConfigurationList section */
	};
	rootObject = F0A748BA2EC0C53400569465 /* Project object */;
}
